// !$*UTF8*$!
{
	archiveVersion = 1;
	classes = {
	};
	objectVersion = 50;
	objects = {

/* Begin PBXBuildFile section */
		1A699C3A23B19EEE005C8A46 /* AppDelegate.swift in Sources */ = {isa = PBXBuildFile; fileRef = 1A699C3923B19EEE005C8A46 /* AppDelegate.swift */; };
		1A699C3C23B19EEE005C8A46 /* GameScene.sks in Resources */ = {isa = PBXBuildFile; fileRef = 1A699C3B23B19EEE005C8A46 /* GameScene.sks */; };
		1A699C3E23B19EEE005C8A46 /* Actions.sks in Resources */ = {isa = PBXBuildFile; fileRef = 1A699C3D23B19EEE005C8A46 /* Actions.sks */; };
		1A699C4023B19EEE005C8A46 /* GameScene.swift in Sources */ = {isa = PBXBuildFile; fileRef = 1A699C3F23B19EEE005C8A46 /* GameScene.swift */; };
		1A699C4223B19EEE005C8A46 /* ViewController.swift in Sources */ = {isa = PBXBuildFile; fileRef = 1A699C4123B19EEE005C8A46 /* ViewController.swift */; };
		1A699C4423B19EF3005C8A46 /* Assets.xcassets in Resources */ = {isa = PBXBuildFile; fileRef = 1A699C4323B19EF3005C8A46 /* Assets.xcassets */; };
		1A699C4723B19EF3005C8A46 /* Main.storyboard in Resources */ = {isa = PBXBuildFile; fileRef = 1A699C4523B19EF3005C8A46 /* Main.storyboard */; };
		1A699C5323B19EF3005C8A46 /* BlackjackTests.swift in Sources */ = {isa = PBXBuildFile; fileRef = 1A699C5223B19EF3005C8A46 /* BlackjackTests.swift */; };
		1A699C5E23B19EF3005C8A46 /* BlackjackUITests.swift in Sources */ = {isa = PBXBuildFile; fileRef = 1A699C5D23B19EF3005C8A46 /* BlackjackUITests.swift */; };
/* End PBXBuildFile section */

/* Begin PBXContainerItemProxy section */
		1A699C4F23B19EF3005C8A46 /* PBXContainerItemProxy */ = {
			isa = PBXContainerItemProxy;
			containerPortal = 1A699C2E23B19EEE005C8A46 /* Project object */;
			proxyType = 1;
			remoteGlobalIDString = 1A699C3523B19EEE005C8A46;
			remoteInfo = Blackjack;
		};
		1A699C5A23B19EF3005C8A46 /* PBXContainerItemProxy */ = {
			isa = PBXContainerItemProxy;
			containerPortal = 1A699C2E23B19EEE005C8A46 /* Project object */;
			proxyType = 1;
			remoteGlobalIDString = 1A699C3523B19EEE005C8A46;
			remoteInfo = Blackjack;
		};
/* End PBXContainerItemProxy section */

/* Begin PBXFileReference section */
		1A699C3623B19EEE005C8A46 /* Blackjack.app */ = {isa = PBXFileReference; explicitFileType = wrapper.application; includeInIndex = 0; path = Blackjack.app; sourceTree = BUILT_PRODUCTS_DIR; };
		1A699C3923B19EEE005C8A46 /* AppDelegate.swift */ = {isa = PBXFileReference; lastKnownFileType = sourcecode.swift; path = AppDelegate.swift; sourceTree = "<group>"; };
		1A699C3B23B19EEE005C8A46 /* GameScene.sks */ = {isa = PBXFileReference; lastKnownFileType = file.sks; path = GameScene.sks; sourceTree = "<group>"; };
		1A699C3D23B19EEE005C8A46 /* Actions.sks */ = {isa = PBXFileReference; lastKnownFileType = file.sks; path = Actions.sks; sourceTree = "<group>"; };
		1A699C3F23B19EEE005C8A46 /* GameScene.swift */ = {isa = PBXFileReference; lastKnownFileType = sourcecode.swift; path = GameScene.swift; sourceTree = "<group>"; };
		1A699C4123B19EEE005C8A46 /* ViewController.swift */ = {isa = PBXFileReference; lastKnownFileType = sourcecode.swift; path = ViewController.swift; sourceTree = "<group>"; };
		1A699C4323B19EF3005C8A46 /* Assets.xcassets */ = {isa = PBXFileReference; lastKnownFileType = folder.assetcatalog; path = Assets.xcassets; sourceTree = "<group>"; };
		1A699C4623B19EF3005C8A46 /* Base */ = {isa = PBXFileReference; lastKnownFileType = file.storyboard; name = Base; path = Base.lproj/Main.storyboard; sourceTree = "<group>"; };
		1A699C4823B19EF3005C8A46 /* Info.plist */ = {isa = PBXFileReference; lastKnownFileType = text.plist.xml; path = Info.plist; sourceTree = "<group>"; };
		1A699C4923B19EF3005C8A46 /* Blackjack.entitlements */ = {isa = PBXFileReference; lastKnownFileType = text.plist.entitlements; path = Blackjack.entitlements; sourceTree = "<group>"; };
		1A699C4E23B19EF3005C8A46 /* BlackjackTests.xctest */ = {isa = PBXFileReference; explicitFileType = wrapper.cfbundle; includeInIndex = 0; path = BlackjackTests.xctest; sourceTree = BUILT_PRODUCTS_DIR; };
		1A699C5223B19EF3005C8A46 /* BlackjackTests.swift */ = {isa = PBXFileReference; lastKnownFileType = sourcecode.swift; path = BlackjackTests.swift; sourceTree = "<group>"; };
		1A699C5423B19EF3005C8A46 /* Info.plist */ = {isa = PBXFileReference; lastKnownFileType = text.plist.xml; path = Info.plist; sourceTree = "<group>"; };
		1A699C5923B19EF3005C8A46 /* BlackjackUITests.xctest */ = {isa = PBXFileReference; explicitFileType = wrapper.cfbundle; includeInIndex = 0; path = BlackjackUITests.xctest; sourceTree = BUILT_PRODUCTS_DIR; };
		1A699C5D23B19EF3005C8A46 /* BlackjackUITests.swift */ = {isa = PBXFileReference; lastKnownFileType = sourcecode.swift; path = BlackjackUITests.swift; sourceTree = "<group>"; };
		1A699C5F23B19EF3005C8A46 /* Info.plist */ = {isa = PBXFileReference; lastKnownFileType = text.plist.xml; path = Info.plist; sourceTree = "<group>"; };
/* End PBXFileReference section */

/* Begin PBXFrameworksBuildPhase section */
		1A699C3323B19EEE005C8A46 /* Frameworks */ = {
			isa = PBXFrameworksBuildPhase;
			buildActionMask = 2147483647;
			files = (
			);
			runOnlyForDeploymentPostprocessing = 0;
		};
		1A699C4B23B19EF3005C8A46 /* Frameworks */ = {
			isa = PBXFrameworksBuildPhase;
			buildActionMask = 2147483647;
			files = (
			);
			runOnlyForDeploymentPostprocessing = 0;
		};
		1A699C5623B19EF3005C8A46 /* Frameworks */ = {
			isa = PBXFrameworksBuildPhase;
			buildActionMask = 2147483647;
			files = (
			);
			runOnlyForDeploymentPostprocessing = 0;
		};
/* End PBXFrameworksBuildPhase section */

/* Begin PBXGroup section */
		1A699C2D23B19EEE005C8A46 = {
			isa = PBXGroup;
			children = (
				1A699C3823B19EEE005C8A46 /* Blackjack */,
				1A699C5123B19EF3005C8A46 /* BlackjackTests */,
				1A699C5C23B19EF3005C8A46 /* BlackjackUITests */,
				1A699C3723B19EEE005C8A46 /* Products */,
			);
			sourceTree = "<group>";
		};
		1A699C3723B19EEE005C8A46 /* Products */ = {
			isa = PBXGroup;
			children = (
				1A699C3623B19EEE005C8A46 /* Blackjack.app */,
				1A699C4E23B19EF3005C8A46 /* BlackjackTests.xctest */,
				1A699C5923B19EF3005C8A46 /* BlackjackUITests.xctest */,
			);
			name = Products;
			sourceTree = "<group>";
		};
		1A699C3823B19EEE005C8A46 /* Blackjack */ = {
			isa = PBXGroup;
			children = (
				1A699C3923B19EEE005C8A46 /* AppDelegate.swift */,
				1A699C3B23B19EEE005C8A46 /* GameScene.sks */,
				1A699C3D23B19EEE005C8A46 /* Actions.sks */,
				1A699C3F23B19EEE005C8A46 /* GameScene.swift */,
				1A699C4123B19EEE005C8A46 /* ViewController.swift */,
				1A699C4323B19EF3005C8A46 /* Assets.xcassets */,
				1A699C4523B19EF3005C8A46 /* Main.storyboard */,
				1A699C4823B19EF3005C8A46 /* Info.plist */,
				1A699C4923B19EF3005C8A46 /* Blackjack.entitlements */,
			);
			path = Blackjack;
			sourceTree = "<group>";
		};
		1A699C5123B19EF3005C8A46 /* BlackjackTests */ = {
			isa = PBXGroup;
			children = (
				1A699C5223B19EF3005C8A46 /* BlackjackTests.swift */,
				1A699C5423B19EF3005C8A46 /* Info.plist */,
			);
			path = BlackjackTests;
			sourceTree = "<group>";
		};
		1A699C5C23B19EF3005C8A46 /* BlackjackUITests */ = {
			isa = PBXGroup;
			children = (
				1A699C5D23B19EF3005C8A46 /* BlackjackUITests.swift */,
				1A699C5F23B19EF3005C8A46 /* Info.plist */,
			);
			path = BlackjackUITests;
			sourceTree = "<group>";
		};
/* End PBXGroup section */

/* Begin PBXNativeTarget section */
		1A699C3523B19EEE005C8A46 /* Blackjack */ = {
			isa = PBXNativeTarget;
			buildConfigurationList = 1A699C6223B19EF3005C8A46 /* Build configuration list for PBXNativeTarget "Blackjack" */;
			buildPhases = (
				1A699C3223B19EEE005C8A46 /* Sources */,
				1A699C3323B19EEE005C8A46 /* Frameworks */,
				1A699C3423B19EEE005C8A46 /* Resources */,
			);
			buildRules = (
			);
			dependencies = (
			);
			name = Blackjack;
			productName = Blackjack;
			productReference = 1A699C3623B19EEE005C8A46 /* Blackjack.app */;
			productType = "com.apple.product-type.application";
		};
		1A699C4D23B19EF3005C8A46 /* BlackjackTests */ = {
			isa = PBXNativeTarget;
			buildConfigurationList = 1A699C6523B19EF3005C8A46 /* Build configuration list for PBXNativeTarget "BlackjackTests" */;
			buildPhases = (
				1A699C4A23B19EF3005C8A46 /* Sources */,
				1A699C4B23B19EF3005C8A46 /* Frameworks */,
				1A699C4C23B19EF3005C8A46 /* Resources */,
			);
			buildRules = (
			);
			dependencies = (
				1A699C5023B19EF3005C8A46 /* PBXTargetDependency */,
			);
			name = BlackjackTests;
			productName = BlackjackTests;
			productReference = 1A699C4E23B19EF3005C8A46 /* BlackjackTests.xctest */;
			productType = "com.apple.product-type.bundle.unit-test";
		};
		1A699C5823B19EF3005C8A46 /* BlackjackUITests */ = {
			isa = PBXNativeTarget;
			buildConfigurationList = 1A699C6823B19EF3005C8A46 /* Build configuration list for PBXNativeTarget "BlackjackUITests" */;
			buildPhases = (
				1A699C5523B19EF3005C8A46 /* Sources */,
				1A699C5623B19EF3005C8A46 /* Frameworks */,
				1A699C5723B19EF3005C8A46 /* Resources */,
			);
			buildRules = (
			);
			dependencies = (
				1A699C5B23B19EF3005C8A46 /* PBXTargetDependency */,
			);
			name = BlackjackUITests;
			productName = BlackjackUITests;
			productReference = 1A699C5923B19EF3005C8A46 /* BlackjackUITests.xctest */;
			productType = "com.apple.product-type.bundle.ui-testing";
		};
/* End PBXNativeTarget section */

/* Begin PBXProject section */
		1A699C2E23B19EEE005C8A46 /* Project object */ = {
			isa = PBXProject;
			attributes = {
				LastSwiftUpdateCheck = 1120;
				LastUpgradeCheck = 1120;
				ORGANIZATIONNAME = "Joshua Barnett";
				TargetAttributes = {
					1A699C3523B19EEE005C8A46 = {
						CreatedOnToolsVersion = 11.2.1;
					};
					1A699C4D23B19EF3005C8A46 = {
						CreatedOnToolsVersion = 11.2.1;
						TestTargetID = 1A699C3523B19EEE005C8A46;
					};
					1A699C5823B19EF3005C8A46 = {
						CreatedOnToolsVersion = 11.2.1;
						TestTargetID = 1A699C3523B19EEE005C8A46;
					};
				};
			};
			buildConfigurationList = 1A699C3123B19EEE005C8A46 /* Build configuration list for PBXProject "Blackjack" */;
			compatibilityVersion = "Xcode 9.3";
			developmentRegion = en;
			hasScannedForEncodings = 0;
			knownRegions = (
				en,
				Base,
			);
			mainGroup = 1A699C2D23B19EEE005C8A46;
			productRefGroup = 1A699C3723B19EEE005C8A46 /* Products */;
			projectDirPath = "";
			projectRoot = "";
			targets = (
				1A699C3523B19EEE005C8A46 /* Blackjack */,
				1A699C4D23B19EF3005C8A46 /* BlackjackTests */,
				1A699C5823B19EF3005C8A46 /* BlackjackUITests */,
			);
		};
/* End PBXProject section */

/* Begin PBXResourcesBuildPhase section */
		1A699C3423B19EEE005C8A46 /* Resources */ = {
			isa = PBXResourcesBuildPhase;
			buildActionMask = 2147483647;
			files = (
				1A699C3C23B19EEE005C8A46 /* GameScene.sks in Resources */,
				1A699C4423B19EF3005C8A46 /* Assets.xcassets in Resources */,
				1A699C3E23B19EEE005C8A46 /* Actions.sks in Resources */,
				1A699C4723B19EF3005C8A46 /* Main.storyboard in Resources */,
			);
			runOnlyForDeploymentPostprocessing = 0;
		};
		1A699C4C23B19EF3005C8A46 /* Resources */ = {
			isa = PBXResourcesBuildPhase;
			buildActionMask = 2147483647;
			files = (
			);
			runOnlyForDeploymentPostprocessing = 0;
		};
		1A699C5723B19EF3005C8A46 /* Resources */ = {
			isa = PBXResourcesBuildPhase;
			buildActionMask = 2147483647;
			files = (
			);
			runOnlyForDeploymentPostprocessing = 0;
		};
/* End PBXResourcesBuildPhase section */

/* Begin PBXSourcesBuildPhase section */
		1A699C3223B19EEE005C8A46 /* Sources */ = {
			isa = PBXSourcesBuildPhase;
			buildActionMask = 2147483647;
			files = (
				1A699C4223B19EEE005C8A46 /* ViewController.swift in Sources */,
				1A699C4023B19EEE005C8A46 /* GameScene.swift in Sources */,
				1A699C3A23B19EEE005C8A46 /* AppDelegate.swift in Sources */,
			);
			runOnlyForDeploymentPostprocessing = 0;
		};
		1A699C4A23B19EF3005C8A46 /* Sources */ = {
			isa = PBXSourcesBuildPhase;
			buildActionMask = 2147483647;
			files = (
				1A699C5323B19EF3005C8A46 /* BlackjackTests.swift in Sources */,
			);
			runOnlyForDeploymentPostprocessing = 0;
		};
		1A699C5523B19EF3005C8A46 /* Sources */ = {
			isa = PBXSourcesBuildPhase;
			buildActionMask = 2147483647;
			files = (
				1A699C5E23B19EF3005C8A46 /* BlackjackUITests.swift in Sources */,
			);
			runOnlyForDeploymentPostprocessing = 0;
		};
/* End PBXSourcesBuildPhase section */

/* Begin PBXTargetDependency section */
		1A699C5023B19EF3005C8A46 /* PBXTargetDependency */ = {
			isa = PBXTargetDependency;
			target = 1A699C3523B19EEE005C8A46 /* Blackjack */;
			targetProxy = 1A699C4F23B19EF3005C8A46 /* PBXContainerItemProxy */;
		};
		1A699C5B23B19EF3005C8A46 /* PBXTargetDependency */ = {
			isa = PBXTargetDependency;
			target = 1A699C3523B19EEE005C8A46 /* Blackjack */;
			targetProxy = 1A699C5A23B19EF3005C8A46 /* PBXContainerItemProxy */;
		};
/* End PBXTargetDependency section */

/* Begin PBXVariantGroup section */
		1A699C4523B19EF3005C8A46 /* Main.storyboard */ = {
			isa = PBXVariantGroup;
			children = (
				1A699C4623B19EF3005C8A46 /* Base */,
			);
			name = Main.storyboard;
			sourceTree = "<group>";
		};
/* End PBXVariantGroup section */

/* Begin XCBuildConfiguration section */
		1A699C6023B19EF3005C8A46 /* Debug */ = {
			isa = XCBuildConfiguration;
			buildSettings = {
				ALWAYS_SEARCH_USER_PATHS = NO;
				CLANG_ANALYZER_NONNULL = YES;
				CLANG_ANALYZER_NUMBER_OBJECT_CONVERSION = YES_AGGRESSIVE;
				CLANG_CXX_LANGUAGE_STANDARD = "gnu++14";
				CLANG_CXX_LIBRARY = "libc++";
				CLANG_ENABLE_MODULES = YES;
				CLANG_ENABLE_OBJC_ARC = YES;
				CLANG_ENABLE_OBJC_WEAK = YES;
				CLANG_WARN_BLOCK_CAPTURE_AUTORELEASING = YES;
				CLANG_WARN_BOOL_CONVERSION = YES;
				CLANG_WARN_COMMA = YES;
				CLANG_WARN_CONSTANT_CONVERSION = YES;
				CLANG_WARN_DEPRECATED_OBJC_IMPLEMENTATIONS = YES;
				CLANG_WARN_DIRECT_OBJC_ISA_USAGE = YES_ERROR;
				CLANG_WARN_DOCUMENTATION_COMMENTS = YES;
				CLANG_WARN_EMPTY_BODY = YES;
				CLANG_WARN_ENUM_CONVERSION = YES;
				CLANG_WARN_INFINITE_RECURSION = YES;
				CLANG_WARN_INT_CONVERSION = YES;
				CLANG_WARN_NON_LITERAL_NULL_CONVERSION = YES;
				CLANG_WARN_OBJC_IMPLICIT_RETAIN_SELF = YES;
				CLANG_WARN_OBJC_LITERAL_CONVERSION = YES;
				CLANG_WARN_OBJC_ROOT_CLASS = YES_ERROR;
				CLANG_WARN_RANGE_LOOP_ANALYSIS = YES;
				CLANG_WARN_STRICT_PROTOTYPES = YES;
				CLANG_WARN_SUSPICIOUS_MOVE = YES;
				CLANG_WARN_UNGUARDED_AVAILABILITY = YES_AGGRESSIVE;
				CLANG_WARN_UNREACHABLE_CODE = YES;
				CLANG_WARN__DUPLICATE_METHOD_MATCH = YES;
				COPY_PHASE_STRIP = NO;
				DEBUG_INFORMATION_FORMAT = dwarf;
				ENABLE_STRICT_OBJC_MSGSEND = YES;
				ENABLE_TESTABILITY = YES;
				GCC_C_LANGUAGE_STANDARD = gnu11;
				GCC_DYNAMIC_NO_PIC = NO;
				GCC_NO_COMMON_BLOCKS = YES;
				GCC_OPTIMIZATION_LEVEL = 0;
				GCC_PREPROCESSOR_DEFINITIONS = (
					"DEBUG=1",
					"$(inherited)",
				);
				GCC_WARN_64_TO_32_BIT_CONVERSION = YES;
				GCC_WARN_ABOUT_RETURN_TYPE = YES_ERROR;
				GCC_WARN_UNDECLARED_SELECTOR = YES;
				GCC_WARN_UNINITIALIZED_AUTOS = YES_AGGRESSIVE;
				GCC_WARN_UNUSED_FUNCTION = YES;
				GCC_WARN_UNUSED_VARIABLE = YES;
				MACOSX_DEPLOYMENT_TARGET = 10.15;
				MTL_ENABLE_DEBUG_INFO = INCLUDE_SOURCE;
				MTL_FAST_MATH = YES;
				ONLY_ACTIVE_ARCH = YES;
				SDKROOT = macosx;
				SWIFT_ACTIVE_COMPILATION_CONDITIONS = DEBUG;
				SWIFT_OPTIMIZATION_LEVEL = "-Onone";
			};
			name = Debug;
		};
		1A699C6123B19EF3005C8A46 /* Release */ = {
			isa = XCBuildConfiguration;
			buildSettings = {
				ALWAYS_SEARCH_USER_PATHS = NO;
				CLANG_ANALYZER_NONNULL = YES;
				CLANG_ANALYZER_NUMBER_OBJECT_CONVERSION = YES_AGGRESSIVE;
				CLANG_CXX_LANGUAGE_STANDARD = "gnu++14";
				CLANG_CXX_LIBRARY = "libc++";
				CLANG_ENABLE_MODULES = YES;
				CLANG_ENABLE_OBJC_ARC = YES;
				CLANG_ENABLE_OBJC_WEAK = YES;
				CLANG_WARN_BLOCK_CAPTURE_AUTORELEASING = YES;
				CLANG_WARN_BOOL_CONVERSION = YES;
				CLANG_WARN_COMMA = YES;
				CLANG_WARN_CONSTANT_CONVERSION = YES;
				CLANG_WARN_DEPRECATED_OBJC_IMPLEMENTATIONS = YES;
				CLANG_WARN_DIRECT_OBJC_ISA_USAGE = YES_ERROR;
				CLANG_WARN_DOCUMENTATION_COMMENTS = YES;
				CLANG_WARN_EMPTY_BODY = YES;
				CLANG_WARN_ENUM_CONVERSION = YES;
				CLANG_WARN_INFINITE_RECURSION = YES;
				CLANG_WARN_INT_CONVERSION = YES;
				CLANG_WARN_NON_LITERAL_NULL_CONVERSION = YES;
				CLANG_WARN_OBJC_IMPLICIT_RETAIN_SELF = YES;
				CLANG_WARN_OBJC_LITERAL_CONVERSION = YES;
				CLANG_WARN_OBJC_ROOT_CLASS = YES_ERROR;
				CLANG_WARN_RANGE_LOOP_ANALYSIS = YES;
				CLANG_WARN_STRICT_PROTOTYPES = YES;
				CLANG_WARN_SUSPICIOUS_MOVE = YES;
				CLANG_WARN_UNGUARDED_AVAILABILITY = YES_AGGRESSIVE;
				CLANG_WARN_UNREACHABLE_CODE = YES;
				CLANG_WARN__DUPLICATE_METHOD_MATCH = YES;
				COPY_PHASE_STRIP = NO;
				DEBUG_INFORMATION_FORMAT = "dwarf-with-dsym";
				ENABLE_NS_ASSERTIONS = NO;
				ENABLE_STRICT_OBJC_MSGSEND = YES;
				GCC_C_LANGUAGE_STANDARD = gnu11;
				GCC_NO_COMMON_BLOCKS = YES;
				GCC_WARN_64_TO_32_BIT_CONVERSION = YES;
				GCC_WARN_ABOUT_RETURN_TYPE = YES_ERROR;
				GCC_WARN_UNDECLARED_SELECTOR = YES;
				GCC_WARN_UNINITIALIZED_AUTOS = YES_AGGRESSIVE;
				GCC_WARN_UNUSED_FUNCTION = YES;
				GCC_WARN_UNUSED_VARIABLE = YES;
				MACOSX_DEPLOYMENT_TARGET = 10.15;
				MTL_ENABLE_DEBUG_INFO = NO;
				MTL_FAST_MATH = YES;
				SDKROOT = macosx;
				SWIFT_COMPILATION_MODE = wholemodule;
				SWIFT_OPTIMIZATION_LEVEL = "-O";
			};
			name = Release;
		};
		1A699C6323B19EF3005C8A46 /* Debug */ = {
			isa = XCBuildConfiguration;
			buildSettings = {
				ASSETCATALOG_COMPILER_APPICON_NAME = AppIcon;
				CODE_SIGN_ENTITLEMENTS = Blackjack/Blackjack.entitlements;
				CODE_SIGN_STYLE = Automatic;
				COMBINE_HIDPI_IMAGES = YES;
				INFOPLIST_FILE = Blackjack/Info.plist;
				LD_RUNPATH_SEARCH_PATHS = (
					"$(inherited)",
					"@executable_path/../Frameworks",
				);
				PRODUCT_BUNDLE_IDENTIFIER = JB.Blackjack;
				PRODUCT_NAME = "$(TARGET_NAME)";
				SWIFT_VERSION = 5.0;
			};
			name = Debug;
		};
		1A699C6423B19EF3005C8A46 /* Release */ = {
			isa = XCBuildConfiguration;
			buildSettings = {
				ASSETCATALOG_COMPILER_APPICON_NAME = AppIcon;
				CODE_SIGN_ENTITLEMENTS = Blackjack/Blackjack.entitlements;
				CODE_SIGN_STYLE = Automatic;
				COMBINE_HIDPI_IMAGES = YES;
				INFOPLIST_FILE = Blackjack/Info.plist;
				LD_RUNPATH_SEARCH_PATHS = (
					"$(inherited)",
					"@executable_path/../Frameworks",
				);
				PRODUCT_BUNDLE_IDENTIFIER = JB.Blackjack;
				PRODUCT_NAME = "$(TARGET_NAME)";
				SWIFT_VERSION = 5.0;
			};
			name = Release;
		};
		1A699C6623B19EF3005C8A46 /* Debug */ = {
			isa = XCBuildConfiguration;
			buildSettings = {
				ALWAYS_EMBED_SWIFT_STANDARD_LIBRARIES = YES;
				BUNDLE_LOADER = "$(TEST_HOST)";
				CODE_SIGN_STYLE = Automatic;
				COMBINE_HIDPI_IMAGES = YES;
				INFOPLIST_FILE = BlackjackTests/Info.plist;
				LD_RUNPATH_SEARCH_PATHS = (
					"$(inherited)",
					"@executable_path/../Frameworks",
					"@loader_path/../Frameworks",
				);
				MACOSX_DEPLOYMENT_TARGET = 10.15;
				PRODUCT_BUNDLE_IDENTIFIER = JB.BlackjackTests;
				PRODUCT_NAME = "$(TARGET_NAME)";
				SWIFT_VERSION = 5.0;
				TEST_HOST = "$(BUILT_PRODUCTS_DIR)/Blackjack.app/Contents/MacOS/Blackjack";
			};
			name = Debug;
		};
		1A699C6723B19EF3005C8A46 /* Release */ = {
			isa = XCBuildConfiguration;
			buildSettings = {
				ALWAYS_EMBED_SWIFT_STANDARD_LIBRARIES = YES;
				BUNDLE_LOADER = "$(TEST_HOST)";
				CODE_SIGN_STYLE = Automatic;
				COMBINE_HIDPI_IMAGES = YES;
				INFOPLIST_FILE = BlackjackTests/Info.plist;
				LD_RUNPATH_SEARCH_PATHS = (
					"$(inherited)",
					"@executable_path/../Frameworks",
					"@loader_path/../Frameworks",
				);
				MACOSX_DEPLOYMENT_TARGET = 10.15;
				PRODUCT_BUNDLE_IDENTIFIER = JB.BlackjackTests;
				PRODUCT_NAME = "$(TARGET_NAME)";
				SWIFT_VERSION = 5.0;
				TEST_HOST = "$(BUILT_PRODUCTS_DIR)/Blackjack.app/Contents/MacOS/Blackjack";
			};
			name = Release;
		};
		1A699C6923B19EF3005C8A46 /* Debug */ = {
			isa = XCBuildConfiguration;
			buildSettings = {
				ALWAYS_EMBED_SWIFT_STANDARD_LIBRARIES = YES;
				CODE_SIGN_STYLE = Automatic;
				COMBINE_HIDPI_IMAGES = YES;
				INFOPLIST_FILE = BlackjackUITests/Info.plist;
				LD_RUNPATH_SEARCH_PATHS = (
					"$(inherited)",
					"@executable_path/../Frameworks",
					"@loader_path/../Frameworks",
				);
				PRODUCT_BUNDLE_IDENTIFIER = JB.BlackjackUITests;
				PRODUCT_NAME = "$(TARGET_NAME)";
				SWIFT_VERSION = 5.0;
				TEST_TARGET_NAME = Blackjack;
			};
			name = Debug;
		};
		1A699C6A23B19EF3005C8A46 /* Release */ = {
			isa = XCBuildConfiguration;
			buildSettings = {
				ALWAYS_EMBED_SWIFT_STANDARD_LIBRARIES = YES;
				CODE_SIGN_STYLE = Automatic;
				COMBINE_HIDPI_IMAGES = YES;
				INFOPLIST_FILE = BlackjackUITests/Info.plist;
				LD_RUNPATH_SEARCH_PATHS = (
					"$(inherited)",
					"@executable_path/../Frameworks",
					"@loader_path/../Frameworks",
				);
				PRODUCT_BUNDLE_IDENTIFIER = JB.BlackjackUITests;
				PRODUCT_NAME = "$(TARGET_NAME)";
				SWIFT_VERSION = 5.0;
				TEST_TARGET_NAME = Blackjack;
			};
			name = Release;
		};
/* End XCBuildConfiguration section */

/* Begin XCConfigurationList section */
		1A699C3123B19EEE005C8A46 /* Build configuration list for PBXProject "Blackjack" */ = {
			isa = XCConfigurationList;
			buildConfigurations = (
				1A699C6023B19EF3005C8A46 /* Debug */,
				1A699C6123B19EF3005C8A46 /* Release */,
			);
			defaultConfigurationIsVisible = 0;
			defaultConfigurationName = Release;
		};
		1A699C6223B19EF3005C8A46 /* Build configuration list for PBXNativeTarget "Blackjack" */ = {
			isa = XCConfigurationList;
			buildConfigurations = (
				1A699C6323B19EF3005C8A46 /* Debug */,
				1A699C6423B19EF3005C8A46 /* Release */,
			);
			defaultConfigurationIsVisible = 0;
			defaultConfigurationName = Release;
		};
		1A699C6523B19EF3005C8A46 /* Build configuration list for PBXNativeTarget "BlackjackTests" */ = {
			isa = XCConfigurationList;
			buildConfigurations = (
				1A699C6623B19EF3005C8A46 /* Debug */,
				1A699C6723B19EF3005C8A46 /* Release */,
			);
			defaultConfigurationIsVisible = 0;
			defaultConfigurationName = Release;
		};
		1A699C6823B19EF3005C8A46 /* Build configuration list for PBXNativeTarget "BlackjackUITests" */ = {
			isa = XCConfigurationList;
			buildConfigurations = (
				1A699C6923B19EF3005C8A46 /* Debug */,
				1A699C6A23B19EF3005C8A46 /* Release */,
			);
			defaultConfigurationIsVisible = 0;
			defaultConfigurationName = Release;
		};
/* End XCConfigurationList section */
	};
	rootObject = 1A699C2E23B19EEE005C8A46 /* Project object */;
}
